// !$*UTF8*$!
{
	archiveVersion = 1;
	classes = {
	};
	objectVersion = 46;
	objects = {

/* Begin PBXBuildFile section */
		4D0D23111E03F6EE00433985 /* AppDelegate.swift in Sources */ = {isa = PBXBuildFile; fileRef = 4D0D23101E03F6EE00433985 /* AppDelegate.swift */; };
		4D0D23131E03F6EE00433985 /* ViewController.swift in Sources */ = {isa = PBXBuildFile; fileRef = 4D0D23121E03F6EE00433985 /* ViewController.swift */; };
		4D0D23161E03F6EE00433985 /* Main.storyboard in Resources */ = {isa = PBXBuildFile; fileRef = 4D0D23141E03F6EE00433985 /* Main.storyboard */; };
		4D0D23191E03F6EE00433985 /* SaveAndLoadUserWithCoreData.xcdatamodeld in Sources */ = {isa = PBXBuildFile; fileRef = 4D0D23171E03F6EE00433985 /* SaveAndLoadUserWithCoreData.xcdatamodeld */; };
		4D0D231B1E03F6EE00433985 /* Assets.xcassets in Resources */ = {isa = PBXBuildFile; fileRef = 4D0D231A1E03F6EE00433985 /* Assets.xcassets */; };
		4D0D231E1E03F6EE00433985 /* LaunchScreen.storyboard in Resources */ = {isa = PBXBuildFile; fileRef = 4D0D231C1E03F6EE00433985 /* LaunchScreen.storyboard */; };
		4D0D23271E03F72900433985 /* User+CoreDataClass.swift in Sources */ = {isa = PBXBuildFile; fileRef = 4D0D23251E03F72900433985 /* User+CoreDataClass.swift */; };
		4D0D23281E03F72900433985 /* User+CoreDataProperties.swift in Sources */ = {isa = PBXBuildFile; fileRef = 4D0D23261E03F72900433985 /* User+CoreDataProperties.swift */; };
		4D0D232A1E03F74500433985 /* CoreDataManager.swift in Sources */ = {isa = PBXBuildFile; fileRef = 4D0D23291E03F74500433985 /* CoreDataManager.swift */; };
/* End PBXBuildFile section */

/* Begin PBXFileReference section */
		4D0D230D1E03F6EE00433985 /* SaveAndLoadUserWithCoreData.app */ = {isa = PBXFileReference; explicitFileType = wrapper.application; includeInIndex = 0; path = SaveAndLoadUserWithCoreData.app; sourceTree = BUILT_PRODUCTS_DIR; };
		4D0D23101E03F6EE00433985 /* AppDelegate.swift */ = {isa = PBXFileReference; lastKnownFileType = sourcecode.swift; path = AppDelegate.swift; sourceTree = "<group>"; };
		4D0D23121E03F6EE00433985 /* ViewController.swift */ = {isa = PBXFileReference; lastKnownFileType = sourcecode.swift; path = ViewController.swift; sourceTree = "<group>"; };
		4D0D23151E03F6EE00433985 /* Base */ = {isa = PBXFileReference; lastKnownFileType = file.storyboard; name = Base; path = Base.lproj/Main.storyboard; sourceTree = "<group>"; };
		4D0D23181E03F6EE00433985 /* SaveAndLoadUserWithCoreData.xcdatamodel */ = {isa = PBXFileReference; lastKnownFileType = wrapper.xcdatamodel; path = SaveAndLoadUserWithCoreData.xcdatamodel; sourceTree = "<group>"; };
		4D0D231A1E03F6EE00433985 /* Assets.xcassets */ = {isa = PBXFileReference; lastKnownFileType = folder.assetcatalog; path = Assets.xcassets; sourceTree = "<group>"; };
		4D0D231D1E03F6EE00433985 /* Base */ = {isa = PBXFileReference; lastKnownFileType = file.storyboard; name = Base; path = Base.lproj/LaunchScreen.storyboard; sourceTree = "<group>"; };
		4D0D231F1E03F6EE00433985 /* Info.plist */ = {isa = PBXFileReference; lastKnownFileType = text.plist.xml; path = Info.plist; sourceTree = "<group>"; };
		4D0D23251E03F72900433985 /* User+CoreDataClass.swift */ = {isa = PBXFileReference; fileEncoding = 4; lastKnownFileType = sourcecode.swift; path = "User+CoreDataClass.swift"; sourceTree = "<group>"; };
		4D0D23261E03F72900433985 /* User+CoreDataProperties.swift */ = {isa = PBXFileReference; fileEncoding = 4; lastKnownFileType = sourcecode.swift; path = "User+CoreDataProperties.swift"; sourceTree = "<group>"; };
		4D0D23291E03F74500433985 /* CoreDataManager.swift */ = {isa = PBXFileReference; fileEncoding = 4; lastKnownFileType = sourcecode.swift; path = CoreDataManager.swift; sourceTree = "<group>"; };
/* End PBXFileReference section */

/* Begin PBXFrameworksBuildPhase section */
		4D0D230A1E03F6ED00433985 /* Frameworks */ = {
			isa = PBXFrameworksBuildPhase;
			buildActionMask = 2147483647;
			files = (
			);
			runOnlyForDeploymentPostprocessing = 0;
		};
/* End PBXFrameworksBuildPhase section */

/* Begin PBXGroup section */
		4D0D23041E03F6ED00433985 = {
			isa = PBXGroup;
			children = (
				4D0D230F1E03F6EE00433985 /* SaveAndLoadUserWithCoreData */,
				4D0D230E1E03F6EE00433985 /* Products */,
			);
			sourceTree = "<group>";
		};
		4D0D230E1E03F6EE00433985 /* Products */ = {
			isa = PBXGroup;
			children = (
				4D0D230D1E03F6EE00433985 /* SaveAndLoadUserWithCoreData.app */,
			);
			name = Products;
			sourceTree = "<group>";
		};
		4D0D230F1E03F6EE00433985 /* SaveAndLoadUserWithCoreData */ = {
			isa = PBXGroup;
			children = (
				4D0D23101E03F6EE00433985 /* AppDelegate.swift */,
				4D0D23121E03F6EE00433985 /* ViewController.swift */,
				4D0D23141E03F6EE00433985 /* Main.storyboard */,
				4D0D231A1E03F6EE00433985 /* Assets.xcassets */,
				4D0D231C1E03F6EE00433985 /* LaunchScreen.storyboard */,
				4D0D231F1E03F6EE00433985 /* Info.plist */,
				4D0D23171E03F6EE00433985 /* SaveAndLoadUserWithCoreData.xcdatamodeld */,
				4D0D23251E03F72900433985 /* User+CoreDataClass.swift */,
				4D0D23261E03F72900433985 /* User+CoreDataProperties.swift */,
				4D0D23291E03F74500433985 /* CoreDataManager.swift */,
			);
			path = SaveAndLoadUserWithCoreData;
			sourceTree = "<group>";
		};
/* End PBXGroup section */

/* Begin PBXNativeTarget section */
		4D0D230C1E03F6ED00433985 /* SaveAndLoadUserWithCoreData */ = {
			isa = PBXNativeTarget;
			buildConfigurationList = 4D0D23221E03F6EE00433985 /* Build configuration list for PBXNativeTarget "SaveAndLoadUserWithCoreData" */;
			buildPhases = (
				4D0D23091E03F6ED00433985 /* Sources */,
				4D0D230A1E03F6ED00433985 /* Frameworks */,
				4D0D230B1E03F6ED00433985 /* Resources */,
			);
			buildRules = (
			);
			dependencies = (
			);
			name = SaveAndLoadUserWithCoreData;
			productName = SaveAndLoadUserWithCoreData;
			productReference = 4D0D230D1E03F6EE00433985 /* SaveAndLoadUserWithCoreData.app */;
			productType = "com.apple.product-type.application";
		};
/* End PBXNativeTarget section */

/* Begin PBXProject section */
		4D0D23051E03F6ED00433985 /* Project object */ = {
			isa = PBXProject;
			attributes = {
				LastSwiftUpdateCheck = 0800;
				LastUpgradeCheck = 0800;
				ORGANIZATIONNAME = "Orest Mykha";
				TargetAttributes = {
					4D0D230C1E03F6ED00433985 = {
						CreatedOnToolsVersion = 8.0;
						ProvisioningStyle = Automatic;
					};
				};
			};
			buildConfigurationList = 4D0D23081E03F6ED00433985 /* Build configuration list for PBXProject "SaveAndLoadUserWithCoreData" */;
			compatibilityVersion = "Xcode 3.2";
			developmentRegion = English;
			hasScannedForEncodings = 0;
			knownRegions = (
				en,
				Base,
			);
			mainGroup = 4D0D23041E03F6ED00433985;
			productRefGroup = 4D0D230E1E03F6EE00433985 /* Products */;
			projectDirPath = "";
			projectRoot = "";
			targets = (
				4D0D230C1E03F6ED00433985 /* SaveAndLoadUserWithCoreData */,
			);
		};
/* End PBXProject section */

/* Begin PBXResourcesBuildPhase section */
		4D0D230B1E03F6ED00433985 /* Resources */ = {
			isa = PBXResourcesBuildPhase;
			buildActionMask = 2147483647;
			files = (
				4D0D231E1E03F6EE00433985 /* LaunchScreen.storyboard in Resources */,
				4D0D231B1E03F6EE00433985 /* Assets.xcassets in Resources */,
				4D0D23161E03F6EE00433985 /* Main.storyboard in Resources */,
			);
			runOnlyForDeploymentPostprocessing = 0;
		};
/* End PBXResourcesBuildPhase section */

/* Begin PBXSourcesBuildPhase section */
		4D0D23091E03F6ED00433985 /* Sources */ = {
			isa = PBXSourcesBuildPhase;
			buildActionMask = 2147483647;
			files = (
				4D0D232A1E03F74500433985 /* CoreDataManager.swift in Sources */,
				4D0D23131E03F6EE00433985 /* ViewController.swift in Sources */,
				4D0D23111E03F6EE00433985 /* AppDelegate.swift in Sources */,
				4D0D23271E03F72900433985 /* User+CoreDataClass.swift in Sources */,
				4D0D23281E03F72900433985 /* User+CoreDataProperties.swift in Sources */,
				4D0D23191E03F6EE00433985 /* SaveAndLoadUserWithCoreData.xcdatamodeld in Sources */,
			);
			runOnlyForDeploymentPostprocessing = 0;
		};
/* End PBXSourcesBuildPhase section */

/* Begin PBXVariantGroup section */
		4D0D23141E03F6EE00433985 /* Main.storyboard */ = {
			isa = PBXVariantGroup;
			children = (
				4D0D23151E03F6EE00433985 /* Base */,
			);
			name = Main.storyboard;
			sourceTree = "<group>";
		};
		4D0D231C1E03F6EE00433985 /* LaunchScreen.storyboard */ = {
			isa = PBXVariantGroup;
			children = (
				4D0D231D1E03F6EE00433985 /* Base */,
			);
			name = LaunchScreen.storyboard;
			sourceTree = "<group>";
		};
/* End PBXVariantGroup section */

/* Begin XCBuildConfiguration section */
		4D0D23201E03F6EE00433985 /* Debug */ = {
			isa = XCBuildConfiguration;
			buildSettings = {
				ALWAYS_SEARCH_USER_PATHS = NO;
				CLANG_ANALYZER_NONNULL = YES;
				CLANG_CXX_LANGUAGE_STANDARD = "gnu++0x";
				CLANG_CXX_LIBRARY = "libc++";
				CLANG_ENABLE_MODULES = YES;
				CLANG_ENABLE_OBJC_ARC = YES;
				CLANG_WARN_BOOL_CONVERSION = YES;
				CLANG_WARN_CONSTANT_CONVERSION = YES;
				CLANG_WARN_DIRECT_OBJC_ISA_USAGE = YES_ERROR;
				CLANG_WARN_DOCUMENTATION_COMMENTS = YES;
				CLANG_WARN_EMPTY_BODY = YES;
				CLANG_WARN_ENUM_CONVERSION = YES;
				CLANG_WARN_INFINITE_RECURSION = YES;
				CLANG_WARN_INT_CONVERSION = YES;
				CLANG_WARN_OBJC_ROOT_CLASS = YES_ERROR;
				CLANG_WARN_SUSPICIOUS_MOVES = YES;
				CLANG_WARN_UNREACHABLE_CODE = YES;
				CLANG_WARN__DUPLICATE_METHOD_MATCH = YES;
				"CODE_SIGN_IDENTITY[sdk=iphoneos*]" = "iPhone Developer";
				COPY_PHASE_STRIP = NO;
				DEBUG_INFORMATION_FORMAT = dwarf;
				ENABLE_STRICT_OBJC_MSGSEND = YES;
				ENABLE_TESTABILITY = YES;
				GCC_C_LANGUAGE_STANDARD = gnu99;
				GCC_DYNAMIC_NO_PIC = NO;
				GCC_NO_COMMON_BLOCKS = YES;
				GCC_OPTIMIZATION_LEVEL = 0;
				GCC_PREPROCESSOR_DEFINITIONS = (
					"DEBUG=1",
					"$(inherited)",
				);
				GCC_WARN_64_TO_32_BIT_CONVERSION = YES;
				GCC_WARN_ABOUT_RETURN_TYPE = YES_ERROR;
				GCC_WARN_UNDECLARED_SELECTOR = YES;
				GCC_WARN_UNINITIALIZED_AUTOS = YES_AGGRESSIVE;
				GCC_WARN_UNUSED_FUNCTION = YES;
				GCC_WARN_UNUSED_VARIABLE = YES;
				IPHONEOS_DEPLOYMENT_TARGET = 10.0;
				MTL_ENABLE_DEBUG_INFO = YES;
				ONLY_ACTIVE_ARCH = YES;
				SDKROOT = iphoneos;
				SWIFT_ACTIVE_COMPILATION_CONDITIONS = DEBUG;
				SWIFT_OPTIMIZATION_LEVEL = "-Onone";
			};
			name = Debug;
		};
		4D0D23211E03F6EE00433985 /* Release */ = {
			isa = XCBuildConfiguration;
			buildSettings = {
				ALWAYS_SEARCH_USER_PATHS = NO;
				CLANG_ANALYZER_NONNULL = YES;
				CLANG_CXX_LANGUAGE_STANDARD = "gnu++0x";
				CLANG_CXX_LIBRARY = "libc++";
				CLANG_ENABLE_MODULES = YES;
				CLANG_ENABLE_OBJC_ARC = YES;
				CLANG_WARN_BOOL_CONVERSION = YES;
				CLANG_WARN_CONSTANT_CONVERSION = YES;
				CLANG_WARN_DIRECT_OBJC_ISA_USAGE = YES_ERROR;
				CLANG_WARN_DOCUMENTATION_COMMENTS = YES;
				CLANG_WARN_EMPTY_BODY = YES;
				CLANG_WARN_ENUM_CONVERSION = YES;
				CLANG_WARN_INFINITE_RECURSION = YES;
				CLANG_WARN_INT_CONVERSION = YES;
				CLANG_WARN_OBJC_ROOT_CLASS = YES_ERROR;
				CLANG_WARN_SUSPICIOUS_MOVES = YES;
				CLANG_WARN_UNREACHABLE_CODE = YES;
				CLANG_WARN__DUPLICATE_METHOD_MATCH = YES;
				"CODE_SIGN_IDENTITY[sdk=iphoneos*]" = "iPhone Developer";
				COPY_PHASE_STRIP = NO;
				DEBUG_INFORMATION_FORMAT = "dwarf-with-dsym";
				ENABLE_NS_ASSERTIONS = NO;
				ENABLE_STRICT_OBJC_MSGSEND = YES;
				GCC_C_LANGUAGE_STANDARD = gnu99;
				GCC_NO_COMMON_BLOCKS = YES;
				GCC_WARN_64_TO_32_BIT_CONVERSION = YES;
				GCC_WARN_ABOUT_RETURN_TYPE = YES_ERROR;
				GCC_WARN_UNDECLARED_SELECTOR = YES;
				GCC_WARN_UNINITIALIZED_AUTOS = YES_AGGRESSIVE;
				GCC_WARN_UNUSED_FUNCTION = YES;
				GCC_WARN_UNUSED_VARIABLE = YES;
				IPHONEOS_DEPLOYMENT_TARGET = 10.0;
				MTL_ENABLE_DEBUG_INFO = NO;
				SDKROOT = iphoneos;
				SWIFT_OPTIMIZATION_LEVEL = "-Owholemodule";
				VALIDATE_PRODUCT = YES;
			};
			name = Release;
		};
		4D0D23231E03F6EE00433985 /* Debug */ = {
			isa = XCBuildConfiguration;
			buildSettings = {
				ASSETCATALOG_COMPILER_APPICON_NAME = AppIcon;
				INFOPLIST_FILE = SaveAndLoadUserWithCoreData/Info.plist;
				LD_RUNPATH_SEARCH_PATHS = "$(inherited) @executable_path/Frameworks";
				PRODUCT_BUNDLE_IDENTIFIER = Com.SaveAndLoadUserWithCoreData;
				PRODUCT_NAME = "$(TARGET_NAME)";
				SWIFT_VERSION = 3.0;
			};
			name = Debug;
		};
		4D0D23241E03F6EE00433985 /* Release */ = {
			isa = XCBuildConfiguration;
			buildSettings = {
				ASSETCATALOG_COMPILER_APPICON_NAME = AppIcon;
				INFOPLIST_FILE = SaveAndLoadUserWithCoreData/Info.plist;
				LD_RUNPATH_SEARCH_PATHS = "$(inherited) @executable_path/Frameworks";
				PRODUCT_BUNDLE_IDENTIFIER = Com.SaveAndLoadUserWithCoreData;
				PRODUCT_NAME = "$(TARGET_NAME)";
				SWIFT_VERSION = 3.0;
			};
			name = Release;
		};
/* End XCBuildConfiguration section */

/* Begin XCConfigurationList section */
		4D0D23081E03F6ED00433985 /* Build configuration list for PBXProject "SaveAndLoadUserWithCoreData" */ = {
			isa = XCConfigurationList;
			buildConfigurations = (
				4D0D23201E03F6EE00433985 /* Debug */,
				4D0D23211E03F6EE00433985 /* Release */,
			);
			defaultConfigurationIsVisible = 0;
			defaultConfigurationName = Release;
		};
		4D0D23221E03F6EE00433985 /* Build configuration list for PBXNativeTarget "SaveAndLoadUserWithCoreData" */ = {
			isa = XCConfigurationList;
			buildConfigurations = (
				4D0D23231E03F6EE00433985 /* Debug */,
				4D0D23241E03F6EE00433985 /* Release */,
			);
			defaultConfigurationIsVisible = 0;
		};
/* End XCConfigurationList section */

/* Begin XCVersionGroup section */
		4D0D23171E03F6EE00433985 /* SaveAndLoadUserWithCoreData.xcdatamodeld */ = {
			isa = XCVersionGroup;
			children = (
				4D0D23181E03F6EE00433985 /* SaveAndLoadUserWithCoreData.xcdatamodel */,
			);
			currentVersion = 4D0D23181E03F6EE00433985 /* SaveAndLoadUserWithCoreData.xcdatamodel */;
			path = SaveAndLoadUserWithCoreData.xcdatamodeld;
			sourceTree = "<group>";
			versionGroupType = wrapper.xcdatamodel;
		};
/* End XCVersionGroup section */
	};
	rootObject = 4D0D23051E03F6ED00433985 /* Project object */;
}
